
Microsoft Visual Studio Solution File, Format Version 12.00
# Visual Studio Version 17
VisualStudioVersion = 17.14.36301.6 d17.14
MinimumVisualStudioVersion = 10.0.40219.1
Project("{FAE04EC0-301F-11D3-BF4B-00C04F79EFBC}") = "TokeroDCACalculator", "TokeroDCACalculator\TokeroDCACalculator.csproj", "{33EC8F91-A9CA-4D04-A4A6-38D0B5AF745A}"
EndProject
Global
	GlobalSection(SolutionConfigurationPlatforms) = preSolution
		Debug|Any CPU = Debug|Any CPU
		Release|Any CPU = Release|Any CPU
	EndGlobalSection
	GlobalSection(ProjectConfigurationPlatforms) = postSolution
		{33EC8F91-A9CA-4D04-A4A6-38D0B5AF745A}.Debug|Any CPU.ActiveCfg = Debug|Any CPU
		{33EC8F91-A9CA-4D04-A4A6-38D0B5AF745A}.Debug|Any CPU.Build.0 = Debug|Any CPU
		{33EC8F91-A9CA-4D04-A4A6-38D0B5AF745A}.Debug|Any CPU.Deploy.0 = Debug|Any CPU
		{33EC8F91-A9CA-4D04-A4A6-38D0B5AF745A}.Release|Any CPU.ActiveCfg = Release|Any CPU
		{33EC8F91-A9CA-4D04-A4A6-38D0B5AF745A}.Release|Any CPU.Build.0 = Release|Any CPU
		{33EC8F91-A9CA-4D04-A4A6-38D0B5AF745A}.Release|Any CPU.Deploy.0 = Release|Any CPU
	EndGlobalSection
	GlobalSection(SolutionProperties) = preSolution
		HideSolutionNode = FALSE
	EndGlobalSection
	GlobalSection(ExtensibilityGlobals) = postSolution
		SolutionGuid = {28A3A2A0-2801-4D48-ADB0-14640D3E0584}
	EndGlobalSection
EndGlobal
